<?xml version="1.0" encoding="utf-8"?>
<Project ToolsVersion="4.0" xmlns="http://schemas.microsoft.com/developer/msbuild/2003">
  <ItemGroup>
    <Filter Include="소스 파일">
      <UniqueIdentifier>{4FC737F1-C7A5-4376-A066-2A32D752A2FF}</UniqueIdentifier>
      <Extensions>cpp;c;cc;cxx;c++;cppm;ixx;def;odl;idl;hpj;bat;asm;asmx</Extensions>
    </Filter>
    <Filter Include="헤더 파일">
      <UniqueIdentifier>{93995380-89BD-4b04-88EB-625FBE52EBFB}</UniqueIdentifier>
      <Extensions>h;hh;hpp;hxx;h++;hm;inl;inc;ipp;xsd</Extensions>
    </Filter>
    <Filter Include="모듈 파일">
      <UniqueIdentifier>{67DA6AB6-F800-4c08-8B7A-83BB121AAD01}</UniqueIdentifier>
      <Extensions>rc;ico;cur;bmp;dlg;rc2;rct;bin;rgs;gif;jpg;jpeg;jpe;resx;tiff;tif;png;wav;mfcribbon-ms</Extensions>
    </Filter>
    <Filter Include="모듈 파일\Buffer">
      <UniqueIdentifier>{08ef133f-2f6e-4a00-8b4d-029d309d5077}</UniqueIdentifier>
    </Filter>
    <Filter Include="모듈 파일\Packet">
      <UniqueIdentifier>{50779e49-d1d1-4bae-9355-0b369016ca54}</UniqueIdentifier>
    </Filter>
    <Filter Include="모듈 파일\Server">
      <UniqueIdentifier>{1d3c8621-6997-40e2-8b58-904aa86bb248}</UniqueIdentifier>
    </Filter>
    <Filter Include="모듈 파일\Session">
      <UniqueIdentifier>{2550eeb7-cd20-4b44-ad66-93a9d55341df}</UniqueIdentifier>
    </Filter>
  </ItemGroup>
  <ItemGroup>
    <ClInclude Include="stream_buffer.h">
      <Filter>모듈 파일\Buffer</Filter>
    </ClInclude>
    <ClInclude Include="packet_handler.h">
      <Filter>모듈 파일\Packet</Filter>
    </ClInclude>
    <ClInclude Include="Iocp_server.h">
      <Filter>모듈 파일\Server</Filter>
    </ClInclude>
    <ClInclude Include="tcp_session.h">
      <Filter>모듈 파일\Session</Filter>
    </ClInclude>
    <ClInclude Include="server_defines.h">
      <Filter>헤더 파일</Filter>
    </ClInclude>
    <ClInclude Include="Tcp_simpleGame.h">
      <Filter>소스 파일</Filter>
    </ClInclude>
  </ItemGroup>
  <ItemGroup>
    <ClCompile Include="Tcp_simpleGame.cpp">
      <Filter>소스 파일</Filter>
    </ClCompile>
    <ClCompile Include="stream_buffer.cpp">
      <Filter>모듈 파일\Buffer</Filter>
    </ClCompile>
    <ClCompile Include="packet_handler.cpp">
      <Filter>모듈 파일\Packet</Filter>
    </ClCompile>
    <ClCompile Include="Iocp_server.cpp">
      <Filter>모듈 파일\Server</Filter>
    </ClCompile>
    <ClCompile Include="tcp_session.cpp">
      <Filter>모듈 파일\Session</Filter>
    </ClCompile>
    <ClCompile Include="Main.cpp">
      <Filter>소스 파일</Filter>
    </ClCompile>
  </ItemGroup>
</Project>